// !$*UTF8*$!
{
	archiveVersion = 1;
	classes = {
	};
	objectVersion = 50;
	objects = {

/* Begin PBXBuildFile section */
		0D9449C2223184F30057BAB1 /* DetailsViewController.swift in Sources */ = {isa = PBXBuildFile; fileRef = 0D9449C1223184F30057BAB1 /* DetailsViewController.swift */; };
		13287BB92220479B00622CD4 /* OfficialScraperTests.swift in Sources */ = {isa = PBXBuildFile; fileRef = 13287BB82220479B00622CD4 /* OfficialScraperTests.swift */; };
		13287BBD222065D400622CD4 /* OfficialScraperTestsData.swift in Sources */ = {isa = PBXBuildFile; fileRef = 13287BBC222065D400622CD4 /* OfficialScraperTestsData.swift */; };
		13287BC02220BEA300622CD4 /* apikey.swift in Sources */ = {isa = PBXBuildFile; fileRef = 13287BBA2220490E00622CD4 /* apikey.swift */; };
		133BD33B223A76F00069279A /* PoliticalParty.swift in Sources */ = {isa = PBXBuildFile; fileRef = 133BD33A223A76F00069279A /* PoliticalParty.swift */; };
		13527116221F74AC00442AA6 /* JSONData.swift in Sources */ = {isa = PBXBuildFile; fileRef = 13527111221F74AB00442AA6 /* JSONData.swift */; };
		13527117221F74AC00442AA6 /* JSONOfficial.swift in Sources */ = {isa = PBXBuildFile; fileRef = 13527112221F74AB00442AA6 /* JSONOfficial.swift */; };
		13527118221F74AC00442AA6 /* OfficialScraper.swift in Sources */ = {isa = PBXBuildFile; fileRef = 13527113221F74AB00442AA6 /* OfficialScraper.swift */; };
		13527119221F74AC00442AA6 /* JSONOffice.swift in Sources */ = {isa = PBXBuildFile; fileRef = 13527114221F74AB00442AA6 /* JSONOffice.swift */; };
		1352711A221F74AC00442AA6 /* JSONDivision.swift in Sources */ = {isa = PBXBuildFile; fileRef = 13527115221F74AC00442AA6 /* JSONDivision.swift */; };
		1352711C221F793800442AA6 /* ParserError.swift in Sources */ = {isa = PBXBuildFile; fileRef = 1352711B221F793800442AA6 /* ParserError.swift */; };
		13527120221F8AA200442AA6 /* Official.swift in Sources */ = {isa = PBXBuildFile; fileRef = 1352711F221F8AA200442AA6 /* Official.swift */; };
		13BD31AC22302089000A6BEE /* FontAwesome.swift in Sources */ = {isa = PBXBuildFile; fileRef = 13BD31AB22302089000A6BEE /* FontAwesome.swift */; };
		13BD31AE223020CD000A6BEE /* Enum.swift in Sources */ = {isa = PBXBuildFile; fileRef = 13BD31AD223020CD000A6BEE /* Enum.swift */; };
		13BD31B6223021F1000A6BEE /* TabBarViewController.swift in Sources */ = {isa = PBXBuildFile; fileRef = 13BD31B5223021F1000A6BEE /* TabBarViewController.swift */; };
		13BD31BA223025FC000A6BEE /* Font Awesome 5 Free-Regular-400.otf in Resources */ = {isa = PBXBuildFile; fileRef = 13BD31B7223025FB000A6BEE /* Font Awesome 5 Free-Regular-400.otf */; };
		13BD31BB223025FC000A6BEE /* Font Awesome 5 Brands-Regular-400.otf in Resources */ = {isa = PBXBuildFile; fileRef = 13BD31B8223025FB000A6BEE /* Font Awesome 5 Brands-Regular-400.otf */; };
		13BD31BC223025FC000A6BEE /* Font Awesome 5 Free-Solid-900.otf in Resources */ = {isa = PBXBuildFile; fileRef = 13BD31B9223025FC000A6BEE /* Font Awesome 5 Free-Solid-900.otf */; };
		1683D02F2253B6FF00350471 /* MapActionButtons.xib in Resources */ = {isa = PBXBuildFile; fileRef = 1683D02E2253B6FF00350471 /* MapActionButtons.xib */; };
		1683D0312253B71F00350471 /* MapActionButtons.swift in Sources */ = {isa = PBXBuildFile; fileRef = 1683D0302253B71F00350471 /* MapActionButtons.swift */; };
		1683D0332253C17600350471 /* CustomSearchBar.swift in Sources */ = {isa = PBXBuildFile; fileRef = 1683D0322253C17600350471 /* CustomSearchBar.swift */; };
		1683D0352253C19800350471 /* CustomSearchBar.xib in Resources */ = {isa = PBXBuildFile; fileRef = 1683D0342253C19800350471 /* CustomSearchBar.xib */; };
		1683D0372253CBC000350471 /* GeocoderWrapper.swift in Sources */ = {isa = PBXBuildFile; fileRef = 1683D0362253CBC000350471 /* GeocoderWrapper.swift */; };
		1683D0392253D27600350471 /* LoginViewController.swift in Sources */ = {isa = PBXBuildFile; fileRef = 1683D0382253D27600350471 /* LoginViewController.swift */; };
		1683D03B2253D2A300350471 /* SignupViewController.swift in Sources */ = {isa = PBXBuildFile; fileRef = 1683D03A2253D2A300350471 /* SignupViewController.swift */; };
		1683D03D2253D35500350471 /* EntryViewController.swift in Sources */ = {isa = PBXBuildFile; fileRef = 1683D03C2253D35500350471 /* EntryViewController.swift */; };
		16B6B2C622209D8100DB3A5B /* MapViewController.swift in Sources */ = {isa = PBXBuildFile; fileRef = 16B6B2C522209D8100DB3A5B /* MapViewController.swift */; };
		16D0263F2252706A005C86F2 /* DroppedPin.swift in Sources */ = {isa = PBXBuildFile; fileRef = 16D0263E2252706A005C86F2 /* DroppedPin.swift */; };
		16FCC84C2252ABB6008D3991 /* LocationInfoViewController.swift in Sources */ = {isa = PBXBuildFile; fileRef = 16FCC84B2252ABB6008D3991 /* LocationInfoViewController.swift */; };
		16FCC84E2252B58F008D3991 /* LocationInfo.xib in Resources */ = {isa = PBXBuildFile; fileRef = 16FCC84D2252B58F008D3991 /* LocationInfo.xib */; };
		16FCC8502252B5CF008D3991 /* LocationInfo.swift in Sources */ = {isa = PBXBuildFile; fileRef = 16FCC84F2252B5CF008D3991 /* LocationInfo.swift */; };
		34760810FBDB441A2F565AD1 /* Pods_RepresentsMe.framework in Frameworks */ = {isa = PBXBuildFile; fileRef = AB88E31673EB3A34EA58700A /* Pods_RepresentsMe.framework */; };
		3B1EFD54221F06E9003176BF /* AppDelegate.swift in Sources */ = {isa = PBXBuildFile; fileRef = 3B1EFD53221F06E9003176BF /* AppDelegate.swift */; };
		3B1EFD59221F06E9003176BF /* Main.storyboard in Resources */ = {isa = PBXBuildFile; fileRef = 3B1EFD57221F06E9003176BF /* Main.storyboard */; };
		3B1EFD5C221F06E9003176BF /* RepresentsMe.xcdatamodeld in Sources */ = {isa = PBXBuildFile; fileRef = 3B1EFD5A221F06E9003176BF /* RepresentsMe.xcdatamodeld */; };
		3B1EFD5E221F06EC003176BF /* Assets.xcassets in Resources */ = {isa = PBXBuildFile; fileRef = 3B1EFD5D221F06EC003176BF /* Assets.xcassets */; };
		3B1EFD61221F06EC003176BF /* LaunchScreen.storyboard in Resources */ = {isa = PBXBuildFile; fileRef = 3B1EFD5F221F06EC003176BF /* LaunchScreen.storyboard */; };
		3B1EFD6C221F06EC003176BF /* RepresentsMeTests.swift in Sources */ = {isa = PBXBuildFile; fileRef = 3B1EFD6B221F06EC003176BF /* RepresentsMeTests.swift */; };
		3B1EFD77221F06EC003176BF /* RepresentsMeUITests.swift in Sources */ = {isa = PBXBuildFile; fileRef = 3B1EFD76221F06EC003176BF /* RepresentsMeUITests.swift */; };
		3B2C789C224BC4EF0036AFD0 /* AddressSettingsViewController.swift in Sources */ = {isa = PBXBuildFile; fileRef = 3B2C789B224BC4EF0036AFD0 /* AddressSettingsViewController.swift */; };
		3B45F0B32222414F00FA5B8B /* HomeViewController.swift in Sources */ = {isa = PBXBuildFile; fileRef = 3B45F0B22222414F00FA5B8B /* HomeViewController.swift */; };
		3B45F0B52222452D00FA5B8B /* OfficialCell.swift in Sources */ = {isa = PBXBuildFile; fileRef = 3B45F0B42222452D00FA5B8B /* OfficialCell.swift */; };
		3B649F052237264800E88430 /* SettingsCell.swift in Sources */ = {isa = PBXBuildFile; fileRef = 3B649F042237264800E88430 /* SettingsCell.swift */; };
		3B649F072237274100E88430 /* SettingsViewController.swift in Sources */ = {isa = PBXBuildFile; fileRef = 3B649F062237274100E88430 /* SettingsViewController.swift */; };
		3B9072C822309B2700B8A2F8 /* Address.swift in Sources */ = {isa = PBXBuildFile; fileRef = 3B9072C722309B2700B8A2F8 /* Address.swift */; };
		6BE9F221BD96A6B132935898 /* Pods_RepresentsMeUITests.framework in Frameworks */ = {isa = PBXBuildFile; fileRef = A92A72F30EFDD0573F09FBBD /* Pods_RepresentsMeUITests.framework */; };
		CA1BA638C8785963478F014B /* Pods_RepresentsMeTests.framework in Frameworks */ = {isa = PBXBuildFile; fileRef = C9E2677B4E123D27EE7A3BCA /* Pods_RepresentsMeTests.framework */; };
/* End PBXBuildFile section */

/* Begin PBXContainerItemProxy section */
		3B1EFD68221F06EC003176BF /* PBXContainerItemProxy */ = {
			isa = PBXContainerItemProxy;
			containerPortal = 3B1EFD48221F06E9003176BF /* Project object */;
			proxyType = 1;
			remoteGlobalIDString = 3B1EFD4F221F06E9003176BF;
			remoteInfo = RepresentsMe;
		};
		3B1EFD73221F06EC003176BF /* PBXContainerItemProxy */ = {
			isa = PBXContainerItemProxy;
			containerPortal = 3B1EFD48221F06E9003176BF /* Project object */;
			proxyType = 1;
			remoteGlobalIDString = 3B1EFD4F221F06E9003176BF;
			remoteInfo = RepresentsMe;
		};
/* End PBXContainerItemProxy section */

/* Begin PBXFileReference section */
		0D9449C1223184F30057BAB1 /* DetailsViewController.swift */ = {isa = PBXFileReference; lastKnownFileType = sourcecode.swift; path = DetailsViewController.swift; sourceTree = "<group>"; };
		106FE128867F4D9B064C11E3 /* Pods-RepresentsMeTests.release.xcconfig */ = {isa = PBXFileReference; includeInIndex = 1; lastKnownFileType = text.xcconfig; name = "Pods-RepresentsMeTests.release.xcconfig"; path = "Pods/Target Support Files/Pods-RepresentsMeTests/Pods-RepresentsMeTests.release.xcconfig"; sourceTree = "<group>"; };
		13287BB82220479B00622CD4 /* OfficialScraperTests.swift */ = {isa = PBXFileReference; lastKnownFileType = sourcecode.swift; path = OfficialScraperTests.swift; sourceTree = "<group>"; };
		13287BBA2220490E00622CD4 /* apikey.swift */ = {isa = PBXFileReference; lastKnownFileType = sourcecode.swift; path = apikey.swift; sourceTree = "<group>"; };
		13287BBC222065D400622CD4 /* OfficialScraperTestsData.swift */ = {isa = PBXFileReference; lastKnownFileType = sourcecode.swift; path = OfficialScraperTestsData.swift; sourceTree = "<group>"; };
		133BD33A223A76F00069279A /* PoliticalParty.swift */ = {isa = PBXFileReference; lastKnownFileType = sourcecode.swift; path = PoliticalParty.swift; sourceTree = "<group>"; };
		13527111221F74AB00442AA6 /* JSONData.swift */ = {isa = PBXFileReference; fileEncoding = 4; lastKnownFileType = sourcecode.swift; path = JSONData.swift; sourceTree = "<group>"; };
		13527112221F74AB00442AA6 /* JSONOfficial.swift */ = {isa = PBXFileReference; fileEncoding = 4; lastKnownFileType = sourcecode.swift; path = JSONOfficial.swift; sourceTree = "<group>"; };
		13527113221F74AB00442AA6 /* OfficialScraper.swift */ = {isa = PBXFileReference; fileEncoding = 4; lastKnownFileType = sourcecode.swift; path = OfficialScraper.swift; sourceTree = "<group>"; };
		13527114221F74AB00442AA6 /* JSONOffice.swift */ = {isa = PBXFileReference; fileEncoding = 4; lastKnownFileType = sourcecode.swift; path = JSONOffice.swift; sourceTree = "<group>"; };
		13527115221F74AC00442AA6 /* JSONDivision.swift */ = {isa = PBXFileReference; fileEncoding = 4; lastKnownFileType = sourcecode.swift; path = JSONDivision.swift; sourceTree = "<group>"; };
		1352711B221F793800442AA6 /* ParserError.swift */ = {isa = PBXFileReference; lastKnownFileType = sourcecode.swift; path = ParserError.swift; sourceTree = "<group>"; };
		1352711F221F8AA200442AA6 /* Official.swift */ = {isa = PBXFileReference; fileEncoding = 4; lastKnownFileType = sourcecode.swift; path = Official.swift; sourceTree = "<group>"; };
		13BD31AB22302089000A6BEE /* FontAwesome.swift */ = {isa = PBXFileReference; lastKnownFileType = sourcecode.swift; path = FontAwesome.swift; sourceTree = "<group>"; };
		13BD31AD223020CD000A6BEE /* Enum.swift */ = {isa = PBXFileReference; lastKnownFileType = sourcecode.swift; path = Enum.swift; sourceTree = "<group>"; };
		13BD31B5223021F1000A6BEE /* TabBarViewController.swift */ = {isa = PBXFileReference; lastKnownFileType = sourcecode.swift; path = TabBarViewController.swift; sourceTree = "<group>"; };
		13BD31B7223025FB000A6BEE /* Font Awesome 5 Free-Regular-400.otf */ = {isa = PBXFileReference; lastKnownFileType = file; path = "Font Awesome 5 Free-Regular-400.otf"; sourceTree = "<group>"; };
		13BD31B8223025FB000A6BEE /* Font Awesome 5 Brands-Regular-400.otf */ = {isa = PBXFileReference; lastKnownFileType = file; path = "Font Awesome 5 Brands-Regular-400.otf"; sourceTree = "<group>"; };
		13BD31B9223025FC000A6BEE /* Font Awesome 5 Free-Solid-900.otf */ = {isa = PBXFileReference; lastKnownFileType = file; path = "Font Awesome 5 Free-Solid-900.otf"; sourceTree = "<group>"; };
		1683D02E2253B6FF00350471 /* MapActionButtons.xib */ = {isa = PBXFileReference; lastKnownFileType = file.xib; path = MapActionButtons.xib; sourceTree = "<group>"; };
		1683D0302253B71F00350471 /* MapActionButtons.swift */ = {isa = PBXFileReference; lastKnownFileType = sourcecode.swift; path = MapActionButtons.swift; sourceTree = "<group>"; };
		1683D0322253C17600350471 /* CustomSearchBar.swift */ = {isa = PBXFileReference; lastKnownFileType = sourcecode.swift; path = CustomSearchBar.swift; sourceTree = "<group>"; };
		1683D0342253C19800350471 /* CustomSearchBar.xib */ = {isa = PBXFileReference; lastKnownFileType = file.xib; path = CustomSearchBar.xib; sourceTree = "<group>"; };
		1683D0362253CBC000350471 /* GeocoderWrapper.swift */ = {isa = PBXFileReference; lastKnownFileType = sourcecode.swift; path = GeocoderWrapper.swift; sourceTree = "<group>"; };
		1683D0382253D27600350471 /* LoginViewController.swift */ = {isa = PBXFileReference; lastKnownFileType = sourcecode.swift; path = LoginViewController.swift; sourceTree = "<group>"; };
		1683D03A2253D2A300350471 /* SignupViewController.swift */ = {isa = PBXFileReference; lastKnownFileType = sourcecode.swift; path = SignupViewController.swift; sourceTree = "<group>"; };
		1683D03C2253D35500350471 /* EntryViewController.swift */ = {isa = PBXFileReference; lastKnownFileType = sourcecode.swift; path = EntryViewController.swift; sourceTree = "<group>"; };
		16B6B2C522209D8100DB3A5B /* MapViewController.swift */ = {isa = PBXFileReference; lastKnownFileType = sourcecode.swift; path = MapViewController.swift; sourceTree = "<group>"; };
		16D0263E2252706A005C86F2 /* DroppedPin.swift */ = {isa = PBXFileReference; lastKnownFileType = sourcecode.swift; name = DroppedPin.swift; path = RepresentsMe/Views/DroppedPin.swift; sourceTree = SOURCE_ROOT; };
		16FCC84B2252ABB6008D3991 /* LocationInfoViewController.swift */ = {isa = PBXFileReference; lastKnownFileType = sourcecode.swift; path = LocationInfoViewController.swift; sourceTree = "<group>"; };
		16FCC84D2252B58F008D3991 /* LocationInfo.xib */ = {isa = PBXFileReference; lastKnownFileType = file.xib; path = LocationInfo.xib; sourceTree = "<group>"; };
		16FCC84F2252B5CF008D3991 /* LocationInfo.swift */ = {isa = PBXFileReference; lastKnownFileType = sourcecode.swift; path = LocationInfo.swift; sourceTree = "<group>"; };
		2606EAF9AD601CDBDC9B898F /* Pods-RepresentsMe.debug.xcconfig */ = {isa = PBXFileReference; includeInIndex = 1; lastKnownFileType = text.xcconfig; name = "Pods-RepresentsMe.debug.xcconfig"; path = "Pods/Target Support Files/Pods-RepresentsMe/Pods-RepresentsMe.debug.xcconfig"; sourceTree = "<group>"; };
		3B1EFD50221F06E9003176BF /* RepresentsMe.app */ = {isa = PBXFileReference; explicitFileType = wrapper.application; includeInIndex = 0; path = RepresentsMe.app; sourceTree = BUILT_PRODUCTS_DIR; };
		3B1EFD53221F06E9003176BF /* AppDelegate.swift */ = {isa = PBXFileReference; lastKnownFileType = sourcecode.swift; path = AppDelegate.swift; sourceTree = "<group>"; };
		3B1EFD58221F06E9003176BF /* Base */ = {isa = PBXFileReference; lastKnownFileType = file.storyboard; name = Base; path = Base.lproj/Main.storyboard; sourceTree = "<group>"; };
		3B1EFD5B221F06E9003176BF /* RepresentsMe.xcdatamodel */ = {isa = PBXFileReference; lastKnownFileType = wrapper.xcdatamodel; path = RepresentsMe.xcdatamodel; sourceTree = "<group>"; };
		3B1EFD5D221F06EC003176BF /* Assets.xcassets */ = {isa = PBXFileReference; lastKnownFileType = folder.assetcatalog; name = Assets.xcassets; path = RepresentsMe/Assets.xcassets; sourceTree = SOURCE_ROOT; };
		3B1EFD60221F06EC003176BF /* Base */ = {isa = PBXFileReference; lastKnownFileType = file.storyboard; name = Base; path = Base.lproj/LaunchScreen.storyboard; sourceTree = "<group>"; };
		3B1EFD62221F06EC003176BF /* Info.plist */ = {isa = PBXFileReference; lastKnownFileType = text.plist.xml; path = Info.plist; sourceTree = "<group>"; };
		3B1EFD67221F06EC003176BF /* RepresentsMeTests.xctest */ = {isa = PBXFileReference; explicitFileType = wrapper.cfbundle; includeInIndex = 0; path = RepresentsMeTests.xctest; sourceTree = BUILT_PRODUCTS_DIR; };
		3B1EFD6B221F06EC003176BF /* RepresentsMeTests.swift */ = {isa = PBXFileReference; lastKnownFileType = sourcecode.swift; path = RepresentsMeTests.swift; sourceTree = "<group>"; };
		3B1EFD6D221F06EC003176BF /* Info.plist */ = {isa = PBXFileReference; lastKnownFileType = text.plist.xml; path = Info.plist; sourceTree = "<group>"; };
		3B1EFD72221F06EC003176BF /* RepresentsMeUITests.xctest */ = {isa = PBXFileReference; explicitFileType = wrapper.cfbundle; includeInIndex = 0; path = RepresentsMeUITests.xctest; sourceTree = BUILT_PRODUCTS_DIR; };
		3B1EFD76221F06EC003176BF /* RepresentsMeUITests.swift */ = {isa = PBXFileReference; lastKnownFileType = sourcecode.swift; path = RepresentsMeUITests.swift; sourceTree = "<group>"; };
		3B1EFD78221F06EC003176BF /* Info.plist */ = {isa = PBXFileReference; lastKnownFileType = text.plist.xml; path = Info.plist; sourceTree = "<group>"; };
		3B2C789B224BC4EF0036AFD0 /* AddressSettingsViewController.swift */ = {isa = PBXFileReference; lastKnownFileType = sourcecode.swift; path = AddressSettingsViewController.swift; sourceTree = "<group>"; };
		3B45F0B22222414F00FA5B8B /* HomeViewController.swift */ = {isa = PBXFileReference; lastKnownFileType = sourcecode.swift; path = HomeViewController.swift; sourceTree = "<group>"; };
		3B45F0B42222452D00FA5B8B /* OfficialCell.swift */ = {isa = PBXFileReference; lastKnownFileType = sourcecode.swift; path = OfficialCell.swift; sourceTree = "<group>"; };
		3B649F042237264800E88430 /* SettingsCell.swift */ = {isa = PBXFileReference; lastKnownFileType = sourcecode.swift; path = SettingsCell.swift; sourceTree = "<group>"; };
		3B649F062237274100E88430 /* SettingsViewController.swift */ = {isa = PBXFileReference; lastKnownFileType = sourcecode.swift; path = SettingsViewController.swift; sourceTree = "<group>"; };
		3B9072C722309B2700B8A2F8 /* Address.swift */ = {isa = PBXFileReference; lastKnownFileType = sourcecode.swift; path = Address.swift; sourceTree = "<group>"; };
		61D34301053EDA13ECA7BD01 /* Pods-RepresentsMe.release.xcconfig */ = {isa = PBXFileReference; includeInIndex = 1; lastKnownFileType = text.xcconfig; name = "Pods-RepresentsMe.release.xcconfig"; path = "Pods/Target Support Files/Pods-RepresentsMe/Pods-RepresentsMe.release.xcconfig"; sourceTree = "<group>"; };
		83035DBA5681A172F48C943D /* Pods-RepresentsMeUITests.release.xcconfig */ = {isa = PBXFileReference; includeInIndex = 1; lastKnownFileType = text.xcconfig; name = "Pods-RepresentsMeUITests.release.xcconfig"; path = "Pods/Target Support Files/Pods-RepresentsMeUITests/Pods-RepresentsMeUITests.release.xcconfig"; sourceTree = "<group>"; };
		A592B515327B0F6F432C5D60 /* Pods-RepresentsMeUITests.debug.xcconfig */ = {isa = PBXFileReference; includeInIndex = 1; lastKnownFileType = text.xcconfig; name = "Pods-RepresentsMeUITests.debug.xcconfig"; path = "Pods/Target Support Files/Pods-RepresentsMeUITests/Pods-RepresentsMeUITests.debug.xcconfig"; sourceTree = "<group>"; };
		A92A72F30EFDD0573F09FBBD /* Pods_RepresentsMeUITests.framework */ = {isa = PBXFileReference; explicitFileType = wrapper.framework; includeInIndex = 0; path = Pods_RepresentsMeUITests.framework; sourceTree = BUILT_PRODUCTS_DIR; };
		AB88E31673EB3A34EA58700A /* Pods_RepresentsMe.framework */ = {isa = PBXFileReference; explicitFileType = wrapper.framework; includeInIndex = 0; path = Pods_RepresentsMe.framework; sourceTree = BUILT_PRODUCTS_DIR; };
		C9E2677B4E123D27EE7A3BCA /* Pods_RepresentsMeTests.framework */ = {isa = PBXFileReference; explicitFileType = wrapper.framework; includeInIndex = 0; path = Pods_RepresentsMeTests.framework; sourceTree = BUILT_PRODUCTS_DIR; };
		F15D9110BF5A2A72E906C9BD /* Pods-RepresentsMeTests.debug.xcconfig */ = {isa = PBXFileReference; includeInIndex = 1; lastKnownFileType = text.xcconfig; name = "Pods-RepresentsMeTests.debug.xcconfig"; path = "Pods/Target Support Files/Pods-RepresentsMeTests/Pods-RepresentsMeTests.debug.xcconfig"; sourceTree = "<group>"; };
/* End PBXFileReference section */

/* Begin PBXFrameworksBuildPhase section */
		3B1EFD4D221F06E9003176BF /* Frameworks */ = {
			isa = PBXFrameworksBuildPhase;
			buildActionMask = 2147483647;
			files = (
				34760810FBDB441A2F565AD1 /* Pods_RepresentsMe.framework in Frameworks */,
			);
			runOnlyForDeploymentPostprocessing = 0;
		};
		3B1EFD64221F06EC003176BF /* Frameworks */ = {
			isa = PBXFrameworksBuildPhase;
			buildActionMask = 2147483647;
			files = (
				CA1BA638C8785963478F014B /* Pods_RepresentsMeTests.framework in Frameworks */,
			);
			runOnlyForDeploymentPostprocessing = 0;
		};
		3B1EFD6F221F06EC003176BF /* Frameworks */ = {
			isa = PBXFrameworksBuildPhase;
			buildActionMask = 2147483647;
			files = (
				6BE9F221BD96A6B132935898 /* Pods_RepresentsMeUITests.framework in Frameworks */,
			);
			runOnlyForDeploymentPostprocessing = 0;
		};
/* End PBXFrameworksBuildPhase section */

/* Begin PBXGroup section */
		13287BC22220C09A00622CD4 /* Scraper */ = {
			isa = PBXGroup;
			children = (
				13527111221F74AB00442AA6 /* JSONData.swift */,
				13527115221F74AC00442AA6 /* JSONDivision.swift */,
				13527114221F74AB00442AA6 /* JSONOffice.swift */,
				13527112221F74AB00442AA6 /* JSONOfficial.swift */,
				13527113221F74AB00442AA6 /* OfficialScraper.swift */,
				1352711B221F793800442AA6 /* ParserError.swift */,
			);
			path = Scraper;
			sourceTree = "<group>";
		};
		13BD31AA22302078000A6BEE /* Models */ = {
			isa = PBXGroup;
			children = (
				3B9072C722309B2700B8A2F8 /* Address.swift */,
				1352711F221F8AA200442AA6 /* Official.swift */,
				1683D0362253CBC000350471 /* GeocoderWrapper.swift */,
				13BD31BE223027E1000A6BEE /* FontAwesome */,
				133BD33A223A76F00069279A /* PoliticalParty.swift */,
			);
			path = Models;
			sourceTree = "<group>";
		};
		13BD31BD22302605000A6BEE /* Fonts */ = {
			isa = PBXGroup;
			children = (
				13BD31B8223025FB000A6BEE /* Font Awesome 5 Brands-Regular-400.otf */,
				13BD31B7223025FB000A6BEE /* Font Awesome 5 Free-Regular-400.otf */,
				13BD31B9223025FC000A6BEE /* Font Awesome 5 Free-Solid-900.otf */,
			);
			path = Fonts;
			sourceTree = "<group>";
		};
		13BD31BE223027E1000A6BEE /* FontAwesome */ = {
			isa = PBXGroup;
			children = (
				13BD31AB22302089000A6BEE /* FontAwesome.swift */,
				13BD31AD223020CD000A6BEE /* Enum.swift */,
			);
			path = FontAwesome;
			sourceTree = "<group>";
		};
		3B1EFD47221F06E9003176BF = {
			isa = PBXGroup;
			children = (
				3B1EFD52221F06E9003176BF /* RepresentsMe */,
				3B1EFD6A221F06EC003176BF /* RepresentsMeTests */,
				3B1EFD75221F06EC003176BF /* RepresentsMeUITests */,
				3B1EFD51221F06E9003176BF /* Products */,
				FFF5217CFDF98258BB3EFB63 /* Pods */,
				D1D4E0A5BB7050608C9B5714 /* Frameworks */,
			);
			sourceTree = "<group>";
		};
		3B1EFD51221F06E9003176BF /* Products */ = {
			isa = PBXGroup;
			children = (
				3B1EFD50221F06E9003176BF /* RepresentsMe.app */,
				3B1EFD67221F06EC003176BF /* RepresentsMeTests.xctest */,
				3B1EFD72221F06EC003176BF /* RepresentsMeUITests.xctest */,
			);
			name = Products;
			sourceTree = "<group>";
		};
		3B1EFD52221F06E9003176BF /* RepresentsMe */ = {
			isa = PBXGroup;
			children = (
				13287BC22220C09A00622CD4 /* Scraper */,
				13BD31AA22302078000A6BEE /* Models */,
				3B45F0B62226F15B00FA5B8B /* View Controllers */,
				3B45F0B72226F1A300FA5B8B /* Views */,
				13287BBA2220490E00622CD4 /* apikey.swift */,
				3B1EFD53221F06E9003176BF /* AppDelegate.swift */,
				3B1EFD57221F06E9003176BF /* Main.storyboard */,
				3B1EFD5F221F06EC003176BF /* LaunchScreen.storyboard */,
				3B1EFD5D221F06EC003176BF /* Assets.xcassets */,
				13BD31BD22302605000A6BEE /* Fonts */,
				3B1EFD62221F06EC003176BF /* Info.plist */,
				3B1EFD5A221F06E9003176BF /* RepresentsMe.xcdatamodeld */,
			);
			path = RepresentsMe;
			sourceTree = "<group>";
		};
		3B1EFD6A221F06EC003176BF /* RepresentsMeTests */ = {
			isa = PBXGroup;
			children = (
				3B1EFD6B221F06EC003176BF /* RepresentsMeTests.swift */,
				3B1EFD6D221F06EC003176BF /* Info.plist */,
				13287BB82220479B00622CD4 /* OfficialScraperTests.swift */,
				13287BBC222065D400622CD4 /* OfficialScraperTestsData.swift */,
			);
			path = RepresentsMeTests;
			sourceTree = "<group>";
		};
		3B1EFD75221F06EC003176BF /* RepresentsMeUITests */ = {
			isa = PBXGroup;
			children = (
				3B1EFD76221F06EC003176BF /* RepresentsMeUITests.swift */,
				3B1EFD78221F06EC003176BF /* Info.plist */,
			);
			path = RepresentsMeUITests;
			sourceTree = "<group>";
		};
		3B2C789A224BC4D90036AFD0 /* Settings */ = {
			isa = PBXGroup;
			children = (
				3B649F062237274100E88430 /* SettingsViewController.swift */,
				3B2C789B224BC4EF0036AFD0 /* AddressSettingsViewController.swift */,
			);
			path = Settings;
			sourceTree = "<group>";
		};
		3B45F0B62226F15B00FA5B8B /* View Controllers */ = {
			isa = PBXGroup;
			children = (
				1683D03C2253D35500350471 /* EntryViewController.swift */,
				3B45F0B22222414F00FA5B8B /* HomeViewController.swift */,
				16B6B2C522209D8100DB3A5B /* MapViewController.swift */,
				1683D0382253D27600350471 /* LoginViewController.swift */,
				0D9449C1223184F30057BAB1 /* DetailsViewController.swift */,
				1683D03A2253D2A300350471 /* SignupViewController.swift */,
				13BD31B5223021F1000A6BEE /* TabBarViewController.swift */,
				16FCC84B2252ABB6008D3991 /* LocationInfoViewController.swift */,
				3B2C789A224BC4D90036AFD0 /* Settings */,
			);
			path = "View Controllers";
			sourceTree = "<group>";
		};
		3B45F0B72226F1A300FA5B8B /* Views */ = {
			isa = PBXGroup;
			children = (
				16D0263E2252706A005C86F2 /* DroppedPin.swift */,
				3B45F0B42222452D00FA5B8B /* OfficialCell.swift */,
				3B649F042237264800E88430 /* SettingsCell.swift */,
				1683D0322253C17600350471 /* CustomSearchBar.swift */,
				1683D0342253C19800350471 /* CustomSearchBar.xib */,
				16FCC84D2252B58F008D3991 /* LocationInfo.xib */,
				1683D02E2253B6FF00350471 /* MapActionButtons.xib */,
				1683D0302253B71F00350471 /* MapActionButtons.swift */,
				16FCC84F2252B5CF008D3991 /* LocationInfo.swift */,
			);
			path = Views;
			sourceTree = "<group>";
		};
		D1D4E0A5BB7050608C9B5714 /* Frameworks */ = {
			isa = PBXGroup;
			children = (
				AB88E31673EB3A34EA58700A /* Pods_RepresentsMe.framework */,
				C9E2677B4E123D27EE7A3BCA /* Pods_RepresentsMeTests.framework */,
				A92A72F30EFDD0573F09FBBD /* Pods_RepresentsMeUITests.framework */,
			);
			name = Frameworks;
			sourceTree = "<group>";
		};
		FFF5217CFDF98258BB3EFB63 /* Pods */ = {
			isa = PBXGroup;
			children = (
				2606EAF9AD601CDBDC9B898F /* Pods-RepresentsMe.debug.xcconfig */,
				61D34301053EDA13ECA7BD01 /* Pods-RepresentsMe.release.xcconfig */,
				F15D9110BF5A2A72E906C9BD /* Pods-RepresentsMeTests.debug.xcconfig */,
				106FE128867F4D9B064C11E3 /* Pods-RepresentsMeTests.release.xcconfig */,
				A592B515327B0F6F432C5D60 /* Pods-RepresentsMeUITests.debug.xcconfig */,
				83035DBA5681A172F48C943D /* Pods-RepresentsMeUITests.release.xcconfig */,
			);
			name = Pods;
			sourceTree = "<group>";
		};
/* End PBXGroup section */

/* Begin PBXNativeTarget section */
		3B1EFD4F221F06E9003176BF /* RepresentsMe */ = {
			isa = PBXNativeTarget;
			buildConfigurationList = 3B1EFD7B221F06EC003176BF /* Build configuration list for PBXNativeTarget "RepresentsMe" */;
			buildPhases = (
				349FA7F04B70F9AC92B9CCED /* [CP] Check Pods Manifest.lock */,
				3B1EFD4C221F06E9003176BF /* Sources */,
				3B1EFD4D221F06E9003176BF /* Frameworks */,
				3B1EFD4E221F06E9003176BF /* Resources */,
				30D106DE8C76D94FE1571820 /* [CP] Embed Pods Frameworks */,
				BE22516375A03F039E92C24A /* [CP] Copy Pods Resources */,
			);
			buildRules = (
			);
			dependencies = (
			);
			name = RepresentsMe;
			productName = RepresentsMe;
			productReference = 3B1EFD50221F06E9003176BF /* RepresentsMe.app */;
			productType = "com.apple.product-type.application";
		};
		3B1EFD66221F06EC003176BF /* RepresentsMeTests */ = {
			isa = PBXNativeTarget;
			buildConfigurationList = 3B1EFD7E221F06EC003176BF /* Build configuration list for PBXNativeTarget "RepresentsMeTests" */;
			buildPhases = (
				10FA9F39D82E097AF6ABEE3E /* [CP] Check Pods Manifest.lock */,
				3B1EFD63221F06EC003176BF /* Sources */,
				3B1EFD64221F06EC003176BF /* Frameworks */,
				3B1EFD65221F06EC003176BF /* Resources */,
				B066A3F8E9BB1987E8B87A0A /* [CP] Embed Pods Frameworks */,
				F56426B1671D6DB4ACDE78D9 /* [CP] Copy Pods Resources */,
			);
			buildRules = (
			);
			dependencies = (
				3B1EFD69221F06EC003176BF /* PBXTargetDependency */,
			);
			name = RepresentsMeTests;
			productName = RepresentsMeTests;
			productReference = 3B1EFD67221F06EC003176BF /* RepresentsMeTests.xctest */;
			productType = "com.apple.product-type.bundle.unit-test";
		};
		3B1EFD71221F06EC003176BF /* RepresentsMeUITests */ = {
			isa = PBXNativeTarget;
			buildConfigurationList = 3B1EFD81221F06EC003176BF /* Build configuration list for PBXNativeTarget "RepresentsMeUITests" */;
			buildPhases = (
				FCA6253E359D7FF89B88E6BF /* [CP] Check Pods Manifest.lock */,
				3B1EFD6E221F06EC003176BF /* Sources */,
				3B1EFD6F221F06EC003176BF /* Frameworks */,
				3B1EFD70221F06EC003176BF /* Resources */,
				CCC854FC65DAECABF16CB59A /* [CP] Embed Pods Frameworks */,
				0788E15D2A126038AEF96EBC /* [CP] Copy Pods Resources */,
			);
			buildRules = (
			);
			dependencies = (
				3B1EFD74221F06EC003176BF /* PBXTargetDependency */,
			);
			name = RepresentsMeUITests;
			productName = RepresentsMeUITests;
			productReference = 3B1EFD72221F06EC003176BF /* RepresentsMeUITests.xctest */;
			productType = "com.apple.product-type.bundle.ui-testing";
		};
/* End PBXNativeTarget section */

/* Begin PBXProject section */
		3B1EFD48221F06E9003176BF /* Project object */ = {
			isa = PBXProject;
			attributes = {
				LastSwiftUpdateCheck = 1000;
				LastUpgradeCheck = 1000;
				ORGANIZATIONNAME = 11foot8;
				TargetAttributes = {
					3B1EFD4F221F06E9003176BF = {
						CreatedOnToolsVersion = 10.0;
					};
					3B1EFD66221F06EC003176BF = {
						CreatedOnToolsVersion = 10.0;
						TestTargetID = 3B1EFD4F221F06E9003176BF;
					};
					3B1EFD71221F06EC003176BF = {
						CreatedOnToolsVersion = 10.0;
						TestTargetID = 3B1EFD4F221F06E9003176BF;
					};
				};
			};
			buildConfigurationList = 3B1EFD4B221F06E9003176BF /* Build configuration list for PBXProject "RepresentsMe" */;
			compatibilityVersion = "Xcode 9.3";
			developmentRegion = en;
			hasScannedForEncodings = 0;
			knownRegions = (
				en,
				Base,
			);
			mainGroup = 3B1EFD47221F06E9003176BF;
			productRefGroup = 3B1EFD51221F06E9003176BF /* Products */;
			projectDirPath = "";
			projectRoot = "";
			targets = (
				3B1EFD4F221F06E9003176BF /* RepresentsMe */,
				3B1EFD66221F06EC003176BF /* RepresentsMeTests */,
				3B1EFD71221F06EC003176BF /* RepresentsMeUITests */,
			);
		};
/* End PBXProject section */

/* Begin PBXResourcesBuildPhase section */
		3B1EFD4E221F06E9003176BF /* Resources */ = {
			isa = PBXResourcesBuildPhase;
			buildActionMask = 2147483647;
			files = (
				1683D0352253C19800350471 /* CustomSearchBar.xib in Resources */,
				1683D02F2253B6FF00350471 /* MapActionButtons.xib in Resources */,
				13BD31BB223025FC000A6BEE /* Font Awesome 5 Brands-Regular-400.otf in Resources */,
				3B1EFD61221F06EC003176BF /* LaunchScreen.storyboard in Resources */,
				13BD31BA223025FC000A6BEE /* Font Awesome 5 Free-Regular-400.otf in Resources */,
				13BD31BC223025FC000A6BEE /* Font Awesome 5 Free-Solid-900.otf in Resources */,
				3B1EFD5E221F06EC003176BF /* Assets.xcassets in Resources */,
				16FCC84E2252B58F008D3991 /* LocationInfo.xib in Resources */,
				3B1EFD59221F06E9003176BF /* Main.storyboard in Resources */,
			);
			runOnlyForDeploymentPostprocessing = 0;
		};
		3B1EFD65221F06EC003176BF /* Resources */ = {
			isa = PBXResourcesBuildPhase;
			buildActionMask = 2147483647;
			files = (
			);
			runOnlyForDeploymentPostprocessing = 0;
		};
		3B1EFD70221F06EC003176BF /* Resources */ = {
			isa = PBXResourcesBuildPhase;
			buildActionMask = 2147483647;
			files = (
			);
			runOnlyForDeploymentPostprocessing = 0;
		};
/* End PBXResourcesBuildPhase section */

/* Begin PBXShellScriptBuildPhase section */
		0788E15D2A126038AEF96EBC /* [CP] Copy Pods Resources */ = {
			isa = PBXShellScriptBuildPhase;
			buildActionMask = 2147483647;
			files = (
			);
			inputPaths = (
			);
			name = "[CP] Copy Pods Resources";
			outputPaths = (
			);
			runOnlyForDeploymentPostprocessing = 0;
			shellPath = /bin/sh;
			shellScript = "\"${SRCROOT}/Pods/Target Support Files/Pods-RepresentsMeUITests/Pods-RepresentsMeUITests-resources.sh\"\n";
			showEnvVarsInLog = 0;
		};
		10FA9F39D82E097AF6ABEE3E /* [CP] Check Pods Manifest.lock */ = {
			isa = PBXShellScriptBuildPhase;
			buildActionMask = 2147483647;
			files = (
			);
			inputPaths = (
				"${PODS_PODFILE_DIR_PATH}/Podfile.lock",
				"${PODS_ROOT}/Manifest.lock",
			);
			name = "[CP] Check Pods Manifest.lock";
			outputPaths = (
				"$(DERIVED_FILE_DIR)/Pods-RepresentsMeTests-checkManifestLockResult.txt",
			);
			runOnlyForDeploymentPostprocessing = 0;
			shellPath = /bin/sh;
			shellScript = "diff \"${PODS_PODFILE_DIR_PATH}/Podfile.lock\" \"${PODS_ROOT}/Manifest.lock\" > /dev/null\nif [ $? != 0 ] ; then\n    # print error to STDERR\n    echo \"error: The sandbox is not in sync with the Podfile.lock. Run 'pod install' or update your CocoaPods installation.\" >&2\n    exit 1\nfi\n# This output is used by Xcode 'outputs' to avoid re-running this script phase.\necho \"SUCCESS\" > \"${SCRIPT_OUTPUT_FILE_0}\"\n";
			showEnvVarsInLog = 0;
		};
		30D106DE8C76D94FE1571820 /* [CP] Embed Pods Frameworks */ = {
			isa = PBXShellScriptBuildPhase;
			buildActionMask = 2147483647;
			files = (
			);
			inputPaths = (
				"${SRCROOT}/Pods/Target Support Files/Pods-RepresentsMe/Pods-RepresentsMe-frameworks.sh",
				"${BUILT_PRODUCTS_DIR}/NVActivityIndicatorView/NVActivityIndicatorView.framework",
			);
			name = "[CP] Embed Pods Frameworks";
			outputPaths = (
				"${TARGET_BUILD_DIR}/${FRAMEWORKS_FOLDER_PATH}/NVActivityIndicatorView.framework",
			);
			runOnlyForDeploymentPostprocessing = 0;
			shellPath = /bin/sh;
			shellScript = "\"${SRCROOT}/Pods/Target Support Files/Pods-RepresentsMe/Pods-RepresentsMe-frameworks.sh\"\n";
			showEnvVarsInLog = 0;
		};
		349FA7F04B70F9AC92B9CCED /* [CP] Check Pods Manifest.lock */ = {
			isa = PBXShellScriptBuildPhase;
			buildActionMask = 2147483647;
			files = (
			);
			inputPaths = (
				"${PODS_PODFILE_DIR_PATH}/Podfile.lock",
				"${PODS_ROOT}/Manifest.lock",
			);
			name = "[CP] Check Pods Manifest.lock";
			outputPaths = (
				"$(DERIVED_FILE_DIR)/Pods-RepresentsMe-checkManifestLockResult.txt",
			);
			runOnlyForDeploymentPostprocessing = 0;
			shellPath = /bin/sh;
			shellScript = "diff \"${PODS_PODFILE_DIR_PATH}/Podfile.lock\" \"${PODS_ROOT}/Manifest.lock\" > /dev/null\nif [ $? != 0 ] ; then\n    # print error to STDERR\n    echo \"error: The sandbox is not in sync with the Podfile.lock. Run 'pod install' or update your CocoaPods installation.\" >&2\n    exit 1\nfi\n# This output is used by Xcode 'outputs' to avoid re-running this script phase.\necho \"SUCCESS\" > \"${SCRIPT_OUTPUT_FILE_0}\"\n";
			showEnvVarsInLog = 0;
		};
		B066A3F8E9BB1987E8B87A0A /* [CP] Embed Pods Frameworks */ = {
			isa = PBXShellScriptBuildPhase;
			buildActionMask = 2147483647;
			files = (
			);
			inputPaths = (
			);
			name = "[CP] Embed Pods Frameworks";
			outputPaths = (
			);
			runOnlyForDeploymentPostprocessing = 0;
			shellPath = /bin/sh;
			shellScript = "\"${SRCROOT}/Pods/Target Support Files/Pods-RepresentsMeTests/Pods-RepresentsMeTests-frameworks.sh\"\n";
			showEnvVarsInLog = 0;
		};
		BE22516375A03F039E92C24A /* [CP] Copy Pods Resources */ = {
			isa = PBXShellScriptBuildPhase;
			buildActionMask = 2147483647;
			files = (
			);
			inputPaths = (
			);
			name = "[CP] Copy Pods Resources";
			outputPaths = (
			);
			runOnlyForDeploymentPostprocessing = 0;
			shellPath = /bin/sh;
			shellScript = "\"${SRCROOT}/Pods/Target Support Files/Pods-RepresentsMe/Pods-RepresentsMe-resources.sh\"\n";
			showEnvVarsInLog = 0;
		};
		CCC854FC65DAECABF16CB59A /* [CP] Embed Pods Frameworks */ = {
			isa = PBXShellScriptBuildPhase;
			buildActionMask = 2147483647;
			files = (
			);
			inputPaths = (
			);
			name = "[CP] Embed Pods Frameworks";
			outputPaths = (
			);
			runOnlyForDeploymentPostprocessing = 0;
			shellPath = /bin/sh;
			shellScript = "\"${SRCROOT}/Pods/Target Support Files/Pods-RepresentsMeUITests/Pods-RepresentsMeUITests-frameworks.sh\"\n";
			showEnvVarsInLog = 0;
		};
		F56426B1671D6DB4ACDE78D9 /* [CP] Copy Pods Resources */ = {
			isa = PBXShellScriptBuildPhase;
			buildActionMask = 2147483647;
			files = (
			);
			inputPaths = (
			);
			name = "[CP] Copy Pods Resources";
			outputPaths = (
			);
			runOnlyForDeploymentPostprocessing = 0;
			shellPath = /bin/sh;
			shellScript = "\"${SRCROOT}/Pods/Target Support Files/Pods-RepresentsMeTests/Pods-RepresentsMeTests-resources.sh\"\n";
			showEnvVarsInLog = 0;
		};
		FCA6253E359D7FF89B88E6BF /* [CP] Check Pods Manifest.lock */ = {
			isa = PBXShellScriptBuildPhase;
			buildActionMask = 2147483647;
			files = (
			);
			inputPaths = (
				"${PODS_PODFILE_DIR_PATH}/Podfile.lock",
				"${PODS_ROOT}/Manifest.lock",
			);
			name = "[CP] Check Pods Manifest.lock";
			outputPaths = (
				"$(DERIVED_FILE_DIR)/Pods-RepresentsMeUITests-checkManifestLockResult.txt",
			);
			runOnlyForDeploymentPostprocessing = 0;
			shellPath = /bin/sh;
			shellScript = "diff \"${PODS_PODFILE_DIR_PATH}/Podfile.lock\" \"${PODS_ROOT}/Manifest.lock\" > /dev/null\nif [ $? != 0 ] ; then\n    # print error to STDERR\n    echo \"error: The sandbox is not in sync with the Podfile.lock. Run 'pod install' or update your CocoaPods installation.\" >&2\n    exit 1\nfi\n# This output is used by Xcode 'outputs' to avoid re-running this script phase.\necho \"SUCCESS\" > \"${SCRIPT_OUTPUT_FILE_0}\"\n";
			showEnvVarsInLog = 0;
		};
/* End PBXShellScriptBuildPhase section */

/* Begin PBXSourcesBuildPhase section */
		3B1EFD4C221F06E9003176BF /* Sources */ = {
			isa = PBXSourcesBuildPhase;
			buildActionMask = 2147483647;
			files = (
				1683D0372253CBC000350471 /* GeocoderWrapper.swift in Sources */,
				1352711C221F793800442AA6 /* ParserError.swift in Sources */,
				3B45F0B52222452D00FA5B8B /* OfficialCell.swift in Sources */,
				3B649F052237264800E88430 /* SettingsCell.swift in Sources */,
				13BD31B6223021F1000A6BEE /* TabBarViewController.swift in Sources */,
				1683D0392253D27600350471 /* LoginViewController.swift in Sources */,
				13527118221F74AC00442AA6 /* OfficialScraper.swift in Sources */,
				3B649F072237274100E88430 /* SettingsViewController.swift in Sources */,
				13527116221F74AC00442AA6 /* JSONData.swift in Sources */,
				16D0263F2252706A005C86F2 /* DroppedPin.swift in Sources */,
				13527117221F74AC00442AA6 /* JSONOfficial.swift in Sources */,
				1352711A221F74AC00442AA6 /* JSONDivision.swift in Sources */,
				1683D03B2253D2A300350471 /* SignupViewController.swift in Sources */,
				3B9072C822309B2700B8A2F8 /* Address.swift in Sources */,
				3B2C789C224BC4EF0036AFD0 /* AddressSettingsViewController.swift in Sources */,
				13527120221F8AA200442AA6 /* Official.swift in Sources */,
				3B1EFD54221F06E9003176BF /* AppDelegate.swift in Sources */,
				16FCC84C2252ABB6008D3991 /* LocationInfoViewController.swift in Sources */,
				133BD33B223A76F00069279A /* PoliticalParty.swift in Sources */,
				1683D03D2253D35500350471 /* EntryViewController.swift in Sources */,
				13BD31AE223020CD000A6BEE /* Enum.swift in Sources */,
				0D9449C2223184F30057BAB1 /* DetailsViewController.swift in Sources */,
				3B1EFD5C221F06E9003176BF /* RepresentsMe.xcdatamodeld in Sources */,
				16B6B2C622209D8100DB3A5B /* MapViewController.swift in Sources */,
				13287BC02220BEA300622CD4 /* apikey.swift in Sources */,
				13527119221F74AC00442AA6 /* JSONOffice.swift in Sources */,
				13BD31AC22302089000A6BEE /* FontAwesome.swift in Sources */,
				1683D0332253C17600350471 /* CustomSearchBar.swift in Sources */,
				16FCC8502252B5CF008D3991 /* LocationInfo.swift in Sources */,
				1683D0312253B71F00350471 /* MapActionButtons.swift in Sources */,
				3B45F0B32222414F00FA5B8B /* HomeViewController.swift in Sources */,
			);
			runOnlyForDeploymentPostprocessing = 0;
		};
		3B1EFD63221F06EC003176BF /* Sources */ = {
			isa = PBXSourcesBuildPhase;
			buildActionMask = 2147483647;
			files = (
				3B1EFD6C221F06EC003176BF /* RepresentsMeTests.swift in Sources */,
				13287BB92220479B00622CD4 /* OfficialScraperTests.swift in Sources */,
				13287BBD222065D400622CD4 /* OfficialScraperTestsData.swift in Sources */,
			);
			runOnlyForDeploymentPostprocessing = 0;
		};
		3B1EFD6E221F06EC003176BF /* Sources */ = {
			isa = PBXSourcesBuildPhase;
			buildActionMask = 2147483647;
			files = (
				3B1EFD77221F06EC003176BF /* RepresentsMeUITests.swift in Sources */,
			);
			runOnlyForDeploymentPostprocessing = 0;
		};
/* End PBXSourcesBuildPhase section */

/* Begin PBXTargetDependency section */
		3B1EFD69221F06EC003176BF /* PBXTargetDependency */ = {
			isa = PBXTargetDependency;
			target = 3B1EFD4F221F06E9003176BF /* RepresentsMe */;
			targetProxy = 3B1EFD68221F06EC003176BF /* PBXContainerItemProxy */;
		};
		3B1EFD74221F06EC003176BF /* PBXTargetDependency */ = {
			isa = PBXTargetDependency;
			target = 3B1EFD4F221F06E9003176BF /* RepresentsMe */;
			targetProxy = 3B1EFD73221F06EC003176BF /* PBXContainerItemProxy */;
		};
/* End PBXTargetDependency section */

/* Begin PBXVariantGroup section */
		3B1EFD57221F06E9003176BF /* Main.storyboard */ = {
			isa = PBXVariantGroup;
			children = (
				3B1EFD58221F06E9003176BF /* Base */,
			);
			name = Main.storyboard;
			sourceTree = "<group>";
		};
		3B1EFD5F221F06EC003176BF /* LaunchScreen.storyboard */ = {
			isa = PBXVariantGroup;
			children = (
				3B1EFD60221F06EC003176BF /* Base */,
			);
			name = LaunchScreen.storyboard;
			sourceTree = "<group>";
		};
/* End PBXVariantGroup section */

/* Begin XCBuildConfiguration section */
		3B1EFD79221F06EC003176BF /* Debug */ = {
			isa = XCBuildConfiguration;
			buildSettings = {
				ALWAYS_SEARCH_USER_PATHS = NO;
				CLANG_ANALYZER_NONNULL = YES;
				CLANG_ANALYZER_NUMBER_OBJECT_CONVERSION = YES_AGGRESSIVE;
				CLANG_CXX_LANGUAGE_STANDARD = "gnu++14";
				CLANG_CXX_LIBRARY = "libc++";
				CLANG_ENABLE_MODULES = YES;
				CLANG_ENABLE_OBJC_ARC = YES;
				CLANG_ENABLE_OBJC_WEAK = YES;
				CLANG_WARN_BLOCK_CAPTURE_AUTORELEASING = YES;
				CLANG_WARN_BOOL_CONVERSION = YES;
				CLANG_WARN_COMMA = YES;
				CLANG_WARN_CONSTANT_CONVERSION = YES;
				CLANG_WARN_DEPRECATED_OBJC_IMPLEMENTATIONS = YES;
				CLANG_WARN_DIRECT_OBJC_ISA_USAGE = YES_ERROR;
				CLANG_WARN_DOCUMENTATION_COMMENTS = YES;
				CLANG_WARN_EMPTY_BODY = YES;
				CLANG_WARN_ENUM_CONVERSION = YES;
				CLANG_WARN_INFINITE_RECURSION = YES;
				CLANG_WARN_INT_CONVERSION = YES;
				CLANG_WARN_NON_LITERAL_NULL_CONVERSION = YES;
				CLANG_WARN_OBJC_IMPLICIT_RETAIN_SELF = YES;
				CLANG_WARN_OBJC_LITERAL_CONVERSION = YES;
				CLANG_WARN_OBJC_ROOT_CLASS = YES_ERROR;
				CLANG_WARN_RANGE_LOOP_ANALYSIS = YES;
				CLANG_WARN_STRICT_PROTOTYPES = YES;
				CLANG_WARN_SUSPICIOUS_MOVE = YES;
				CLANG_WARN_UNGUARDED_AVAILABILITY = YES_AGGRESSIVE;
				CLANG_WARN_UNREACHABLE_CODE = YES;
				CLANG_WARN__DUPLICATE_METHOD_MATCH = YES;
				CODE_SIGN_IDENTITY = "iPhone Developer";
				COPY_PHASE_STRIP = NO;
				DEBUG_INFORMATION_FORMAT = dwarf;
				ENABLE_STRICT_OBJC_MSGSEND = YES;
				ENABLE_TESTABILITY = YES;
				GCC_C_LANGUAGE_STANDARD = gnu11;
				GCC_DYNAMIC_NO_PIC = NO;
				GCC_NO_COMMON_BLOCKS = YES;
				GCC_OPTIMIZATION_LEVEL = 0;
				GCC_PREPROCESSOR_DEFINITIONS = (
					"DEBUG=1",
					"$(inherited)",
				);
				GCC_WARN_64_TO_32_BIT_CONVERSION = YES;
				GCC_WARN_ABOUT_RETURN_TYPE = YES_ERROR;
				GCC_WARN_UNDECLARED_SELECTOR = YES;
				GCC_WARN_UNINITIALIZED_AUTOS = YES_AGGRESSIVE;
				GCC_WARN_UNUSED_FUNCTION = YES;
				GCC_WARN_UNUSED_VARIABLE = YES;
				IPHONEOS_DEPLOYMENT_TARGET = 12.0;
				MTL_ENABLE_DEBUG_INFO = INCLUDE_SOURCE;
				MTL_FAST_MATH = YES;
				ONLY_ACTIVE_ARCH = YES;
				SDKROOT = iphoneos;
				SWIFT_ACTIVE_COMPILATION_CONDITIONS = DEBUG;
				SWIFT_OPTIMIZATION_LEVEL = "-Onone";
			};
			name = Debug;
		};
		3B1EFD7A221F06EC003176BF /* Release */ = {
			isa = XCBuildConfiguration;
			buildSettings = {
				ALWAYS_SEARCH_USER_PATHS = NO;
				CLANG_ANALYZER_NONNULL = YES;
				CLANG_ANALYZER_NUMBER_OBJECT_CONVERSION = YES_AGGRESSIVE;
				CLANG_CXX_LANGUAGE_STANDARD = "gnu++14";
				CLANG_CXX_LIBRARY = "libc++";
				CLANG_ENABLE_MODULES = YES;
				CLANG_ENABLE_OBJC_ARC = YES;
				CLANG_ENABLE_OBJC_WEAK = YES;
				CLANG_WARN_BLOCK_CAPTURE_AUTORELEASING = YES;
				CLANG_WARN_BOOL_CONVERSION = YES;
				CLANG_WARN_COMMA = YES;
				CLANG_WARN_CONSTANT_CONVERSION = YES;
				CLANG_WARN_DEPRECATED_OBJC_IMPLEMENTATIONS = YES;
				CLANG_WARN_DIRECT_OBJC_ISA_USAGE = YES_ERROR;
				CLANG_WARN_DOCUMENTATION_COMMENTS = YES;
				CLANG_WARN_EMPTY_BODY = YES;
				CLANG_WARN_ENUM_CONVERSION = YES;
				CLANG_WARN_INFINITE_RECURSION = YES;
				CLANG_WARN_INT_CONVERSION = YES;
				CLANG_WARN_NON_LITERAL_NULL_CONVERSION = YES;
				CLANG_WARN_OBJC_IMPLICIT_RETAIN_SELF = YES;
				CLANG_WARN_OBJC_LITERAL_CONVERSION = YES;
				CLANG_WARN_OBJC_ROOT_CLASS = YES_ERROR;
				CLANG_WARN_RANGE_LOOP_ANALYSIS = YES;
				CLANG_WARN_STRICT_PROTOTYPES = YES;
				CLANG_WARN_SUSPICIOUS_MOVE = YES;
				CLANG_WARN_UNGUARDED_AVAILABILITY = YES_AGGRESSIVE;
				CLANG_WARN_UNREACHABLE_CODE = YES;
				CLANG_WARN__DUPLICATE_METHOD_MATCH = YES;
				CODE_SIGN_IDENTITY = "iPhone Developer";
				COPY_PHASE_STRIP = NO;
				DEBUG_INFORMATION_FORMAT = "dwarf-with-dsym";
				ENABLE_NS_ASSERTIONS = NO;
				ENABLE_STRICT_OBJC_MSGSEND = YES;
				GCC_C_LANGUAGE_STANDARD = gnu11;
				GCC_NO_COMMON_BLOCKS = YES;
				GCC_WARN_64_TO_32_BIT_CONVERSION = YES;
				GCC_WARN_ABOUT_RETURN_TYPE = YES_ERROR;
				GCC_WARN_UNDECLARED_SELECTOR = YES;
				GCC_WARN_UNINITIALIZED_AUTOS = YES_AGGRESSIVE;
				GCC_WARN_UNUSED_FUNCTION = YES;
				GCC_WARN_UNUSED_VARIABLE = YES;
				IPHONEOS_DEPLOYMENT_TARGET = 12.0;
				MTL_ENABLE_DEBUG_INFO = NO;
				MTL_FAST_MATH = YES;
				SDKROOT = iphoneos;
				SWIFT_COMPILATION_MODE = wholemodule;
				SWIFT_OPTIMIZATION_LEVEL = "-O";
				VALIDATE_PRODUCT = YES;
			};
			name = Release;
		};
		3B1EFD7C221F06EC003176BF /* Debug */ = {
			isa = XCBuildConfiguration;
			baseConfigurationReference = 2606EAF9AD601CDBDC9B898F /* Pods-RepresentsMe.debug.xcconfig */;
			buildSettings = {
				ASSETCATALOG_COMPILER_APPICON_NAME = AppIcon;
				CODE_SIGN_STYLE = Automatic;
				DEVELOPMENT_TEAM = "";
				INFOPLIST_FILE = RepresentsMe/Info.plist;
				LD_RUNPATH_SEARCH_PATHS = (
					"$(inherited)",
					"@executable_path/Frameworks",
				);
				PRODUCT_BUNDLE_IDENTIFIER = ElevenFootEight.RepresentsMe;
				PRODUCT_NAME = "$(TARGET_NAME)";
				SWIFT_VERSION = 4.2;
				TARGETED_DEVICE_FAMILY = "1,2";
			};
			name = Debug;
		};
		3B1EFD7D221F06EC003176BF /* Release */ = {
			isa = XCBuildConfiguration;
			baseConfigurationReference = 61D34301053EDA13ECA7BD01 /* Pods-RepresentsMe.release.xcconfig */;
			buildSettings = {
				ASSETCATALOG_COMPILER_APPICON_NAME = AppIcon;
				CODE_SIGN_STYLE = Automatic;
				DEVELOPMENT_TEAM = "";
				INFOPLIST_FILE = RepresentsMe/Info.plist;
				LD_RUNPATH_SEARCH_PATHS = (
					"$(inherited)",
					"@executable_path/Frameworks",
				);
				PRODUCT_BUNDLE_IDENTIFIER = ElevenFootEight.RepresentsMe;
				PRODUCT_NAME = "$(TARGET_NAME)";
				SWIFT_VERSION = 4.2;
				TARGETED_DEVICE_FAMILY = "1,2";
			};
			name = Release;
		};
		3B1EFD7F221F06EC003176BF /* Debug */ = {
			isa = XCBuildConfiguration;
			baseConfigurationReference = F15D9110BF5A2A72E906C9BD /* Pods-RepresentsMeTests.debug.xcconfig */;
			buildSettings = {
				ALWAYS_EMBED_SWIFT_STANDARD_LIBRARIES = YES;
				BUNDLE_LOADER = "$(TEST_HOST)";
				CODE_SIGN_STYLE = Automatic;
				DEVELOPMENT_TEAM = N7792P6G3G;
				INFOPLIST_FILE = RepresentsMeTests/Info.plist;
				LD_RUNPATH_SEARCH_PATHS = (
					"$(inherited)",
					"@executable_path/Frameworks",
					"@loader_path/Frameworks",
				);
				PRODUCT_BUNDLE_IDENTIFIER = ElevenFootEight.RepresentsMeTests;
				PRODUCT_NAME = "$(TARGET_NAME)";
				SWIFT_VERSION = 4.2;
				TARGETED_DEVICE_FAMILY = "1,2";
				TEST_HOST = "$(BUILT_PRODUCTS_DIR)/RepresentsMe.app/RepresentsMe";
			};
			name = Debug;
		};
		3B1EFD80221F06EC003176BF /* Release */ = {
			isa = XCBuildConfiguration;
			baseConfigurationReference = 106FE128867F4D9B064C11E3 /* Pods-RepresentsMeTests.release.xcconfig */;
			buildSettings = {
				ALWAYS_EMBED_SWIFT_STANDARD_LIBRARIES = YES;
				BUNDLE_LOADER = "$(TEST_HOST)";
				CODE_SIGN_STYLE = Automatic;
				DEVELOPMENT_TEAM = N7792P6G3G;
				INFOPLIST_FILE = RepresentsMeTests/Info.plist;
				LD_RUNPATH_SEARCH_PATHS = (
					"$(inherited)",
					"@executable_path/Frameworks",
					"@loader_path/Frameworks",
				);
				PRODUCT_BUNDLE_IDENTIFIER = ElevenFootEight.RepresentsMeTests;
				PRODUCT_NAME = "$(TARGET_NAME)";
				SWIFT_VERSION = 4.2;
				TARGETED_DEVICE_FAMILY = "1,2";
				TEST_HOST = "$(BUILT_PRODUCTS_DIR)/RepresentsMe.app/RepresentsMe";
			};
			name = Release;
		};
		3B1EFD82221F06EC003176BF /* Debug */ = {
			isa = XCBuildConfiguration;
			baseConfigurationReference = A592B515327B0F6F432C5D60 /* Pods-RepresentsMeUITests.debug.xcconfig */;
			buildSettings = {
				ALWAYS_EMBED_SWIFT_STANDARD_LIBRARIES = YES;
				CODE_SIGN_STYLE = Automatic;
				DEVELOPMENT_TEAM = N7792P6G3G;
				INFOPLIST_FILE = RepresentsMeUITests/Info.plist;
				LD_RUNPATH_SEARCH_PATHS = (
					"$(inherited)",
					"@executable_path/Frameworks",
					"@loader_path/Frameworks",
				);
				PRODUCT_BUNDLE_IDENTIFIER = ElevenFootEight.RepresentsMeUITests;
				PRODUCT_NAME = "$(TARGET_NAME)";
				SWIFT_VERSION = 4.2;
				TARGETED_DEVICE_FAMILY = "1,2";
				TEST_TARGET_NAME = RepresentsMe;
			};
			name = Debug;
		};
		3B1EFD83221F06EC003176BF /* Release */ = {
			isa = XCBuildConfiguration;
			baseConfigurationReference = 83035DBA5681A172F48C943D /* Pods-RepresentsMeUITests.release.xcconfig */;
			buildSettings = {
				ALWAYS_EMBED_SWIFT_STANDARD_LIBRARIES = YES;
				CODE_SIGN_STYLE = Automatic;
				DEVELOPMENT_TEAM = N7792P6G3G;
				INFOPLIST_FILE = RepresentsMeUITests/Info.plist;
				LD_RUNPATH_SEARCH_PATHS = (
					"$(inherited)",
					"@executable_path/Frameworks",
					"@loader_path/Frameworks",
				);
				PRODUCT_BUNDLE_IDENTIFIER = ElevenFootEight.RepresentsMeUITests;
				PRODUCT_NAME = "$(TARGET_NAME)";
				SWIFT_VERSION = 4.2;
				TARGETED_DEVICE_FAMILY = "1,2";
				TEST_TARGET_NAME = RepresentsMe;
			};
			name = Release;
		};
/* End XCBuildConfiguration section */

/* Begin XCConfigurationList section */
		3B1EFD4B221F06E9003176BF /* Build configuration list for PBXProject "RepresentsMe" */ = {
			isa = XCConfigurationList;
			buildConfigurations = (
				3B1EFD79221F06EC003176BF /* Debug */,
				3B1EFD7A221F06EC003176BF /* Release */,
			);
			defaultConfigurationIsVisible = 0;
			defaultConfigurationName = Release;
		};
		3B1EFD7B221F06EC003176BF /* Build configuration list for PBXNativeTarget "RepresentsMe" */ = {
			isa = XCConfigurationList;
			buildConfigurations = (
				3B1EFD7C221F06EC003176BF /* Debug */,
				3B1EFD7D221F06EC003176BF /* Release */,
			);
			defaultConfigurationIsVisible = 0;
			defaultConfigurationName = Release;
		};
		3B1EFD7E221F06EC003176BF /* Build configuration list for PBXNativeTarget "RepresentsMeTests" */ = {
			isa = XCConfigurationList;
			buildConfigurations = (
				3B1EFD7F221F06EC003176BF /* Debug */,
				3B1EFD80221F06EC003176BF /* Release */,
			);
			defaultConfigurationIsVisible = 0;
			defaultConfigurationName = Release;
		};
		3B1EFD81221F06EC003176BF /* Build configuration list for PBXNativeTarget "RepresentsMeUITests" */ = {
			isa = XCConfigurationList;
			buildConfigurations = (
				3B1EFD82221F06EC003176BF /* Debug */,
				3B1EFD83221F06EC003176BF /* Release */,
			);
			defaultConfigurationIsVisible = 0;
			defaultConfigurationName = Release;
		};
/* End XCConfigurationList section */

/* Begin XCVersionGroup section */
		3B1EFD5A221F06E9003176BF /* RepresentsMe.xcdatamodeld */ = {
			isa = XCVersionGroup;
			children = (
				3B1EFD5B221F06E9003176BF /* RepresentsMe.xcdatamodel */,
			);
			currentVersion = 3B1EFD5B221F06E9003176BF /* RepresentsMe.xcdatamodel */;
			path = RepresentsMe.xcdatamodeld;
			sourceTree = "<group>";
			versionGroupType = wrapper.xcdatamodel;
		};
/* End XCVersionGroup section */
	};
	rootObject = 3B1EFD48221F06E9003176BF /* Project object */;
}
